
Microsoft Visual Studio Solution File, Format Version 12.00
# Visual Studio 15
VisualStudioVersion = 15.0.27703.2018
MinimumVisualStudioVersion = 10.0.40219.1
Project("{FAE04EC0-301F-11D3-BF4B-00C04F79EFBC}") = "Delegates", "Delegates\Delegates.csproj", "{8B9CFB2B-6613-4E47-8979-26C9707F1FFC}"
EndProject
Global
	GlobalSection(SolutionConfigurationPlatforms) = preSolution
		Debug|Any CPU = Debug|Any CPU
		Release|Any CPU = Release|Any CPU
	EndGlobalSection
	GlobalSection(ProjectConfigurationPlatforms) = postSolution
		{8B9CFB2B-6613-4E47-8979-26C9707F1FFC}.Debug|Any CPU.ActiveCfg = Debug|Any CPU
		{8B9CFB2B-6613-4E47-8979-26C9707F1FFC}.Debug|Any CPU.Build.0 = Debug|Any CPU
		{8B9CFB2B-6613-4E47-8979-26C9707F1FFC}.Release|Any CPU.ActiveCfg = Release|Any CPU
		{8B9CFB2B-6613-4E47-8979-26C9707F1FFC}.Release|Any CPU.Build.0 = Release|Any CPU
	EndGlobalSection
	GlobalSection(SolutionProperties) = preSolution
		HideSolutionNode = FALSE
	EndGlobalSection
	GlobalSection(ExtensibilityGlobals) = postSolution
		SolutionGuid = {26156D1C-9EC2-431D-B49F-8534C465DD2C}
	EndGlobalSection
EndGlobal
