
Microsoft Visual Studio Solution File, Format Version 12.00
# Visual Studio 15
VisualStudioVersion = 15.0.27703.2018
MinimumVisualStudioVersion = 10.0.40219.1
Project("{FAE04EC0-301F-11D3-BF4B-00C04F79EFBC}") = "Linq", "Linq\Linq.csproj", "{9A5D442E-0690-485B-9432-A87FA48DEEB2}"
EndProject
Global
	GlobalSection(SolutionConfigurationPlatforms) = preSolution
		Debug|Any CPU = Debug|Any CPU
		Release|Any CPU = Release|Any CPU
	EndGlobalSection
	GlobalSection(ProjectConfigurationPlatforms) = postSolution
		{9A5D442E-0690-485B-9432-A87FA48DEEB2}.Debug|Any CPU.ActiveCfg = Debug|Any CPU
		{9A5D442E-0690-485B-9432-A87FA48DEEB2}.Debug|Any CPU.Build.0 = Debug|Any CPU
		{9A5D442E-0690-485B-9432-A87FA48DEEB2}.Release|Any CPU.ActiveCfg = Release|Any CPU
		{9A5D442E-0690-485B-9432-A87FA48DEEB2}.Release|Any CPU.Build.0 = Release|Any CPU
	EndGlobalSection
	GlobalSection(SolutionProperties) = preSolution
		HideSolutionNode = FALSE
	EndGlobalSection
	GlobalSection(ExtensibilityGlobals) = postSolution
		SolutionGuid = {7564F6EE-DD32-455C-8617-5075BE8E8901}
	EndGlobalSection
EndGlobal
